{
  "name": "entitybind",
  "version": "1.0.0",
  "lockfileVersion": 1,
  "requires": true,
  "dependencies": {
    "asap": {
      "version": "2.0.6",
      "resolved": "https://registry.npmjs.org/asap/-/asap-2.0.6.tgz",
      "integrity": "sha1-5QNHYR1+aQlDIIu9r+vLwvuGbUY="
    },
    "async": {
      "version": "2.6.3",
      "resolved": "https://registry.npmjs.org/async/-/async-2.6.3.tgz",
      "integrity": "sha512-zflvls11DCy+dQWzTW2dzuilv8Z5X/pjfmZOWba6TNIVDm+2UDaJmXSOXlasHKfNBs8oo3M0aT50fDEWfKZjXg==",
      "requires": {
        "lodash": "^4.17.14"
      }
    },
    "backoff": {
      "version": "2.3.0",
      "resolved": "https://registry.npmjs.org/backoff/-/backoff-2.3.0.tgz",
      "integrity": "sha1-7nx+OAk/kuRyhZ22NedlJFT8Ieo="
    },
    "bufferutil": {
      "version": "4.0.1",
      "resolved": "https://registry.npmjs.org/bufferutil/-/bufferutil-4.0.1.tgz",
      "integrity": "sha512-xowrxvpxojqkagPcWRQVXZl0YXhRhAtBEIq3VoER1NH5Mw1n1o0ojdspp+GS2J//2gCVyrzQDApQ4unGF+QOoA==",
      "requires": {
        "node-gyp-build": "~3.7.0"
      }
    },
    "commander": {
      "version": "2.1.0",
      "resolved": "https://registry.npmjs.org/commander/-/commander-2.1.0.tgz",
      "integrity": "sha1-0SG7roYNmZKj1Re6lvVliOR8Z4E="
    },
    "error-tojson": {
      "version": "0.0.1",
      "resolved": "https://registry.npmjs.org/error-tojson/-/error-tojson-0.0.1.tgz",
      "integrity": "sha1-p7GqlP/ADpB4wuuibiBL2Hzyy7k="
    },
    "es6-promise": {
      "version": "4.2.8",
      "resolved": "https://registry.npmjs.org/es6-promise/-/es6-promise-4.2.8.tgz",
      "integrity": "sha512-HJDGx5daxeIvxdBxvG2cb9g4tEvwIk3i8+nhX0yGrYmZUzbkdg8QbDevheDB8gd0//uPj4c1EQua8Q+MViT0/w=="
    },
    "extend": {
      "version": "3.0.2",
      "resolved": "https://registry.npmjs.org/extend/-/extend-3.0.2.tgz",
      "integrity": "sha512-fjquC59cD7CyW6urNXK0FBufkZcoiGG80wTuPujX590cB5Ttln20E2UB4S/WARVqhXffZl2LNgS+gQdPIIim/g=="
    },
    "inherits": {
      "version": "2.0.4",
      "resolved": "https://registry.npmjs.org/inherits/-/inherits-2.0.4.tgz",
      "integrity": "sha512-k/vGaX4/Yla3WzyMCvTQOXYeIHvqOKtnqBduzTHpzpQZzAskKMhZ2K+EnBiSM9zGSoIFeMpXKxa4dYeZIQqewQ=="
    },
    "isbuffer": {
      "version": "0.0.0",
      "resolved": "https://registry.npmjs.org/isbuffer/-/isbuffer-0.0.0.tgz",
      "integrity": "sha1-OMFG2d9Si4v5sHAcPUPPEt8/w5s="
    },
    "jquery": {
      "version": "3.5.1",
      "resolved": "https://registry.npmjs.org/jquery/-/jquery-3.5.1.tgz",
      "integrity": "sha512-XwIBPqcMn57FxfT+Go5pzySnm4KWkT1Tv7gjrpT1srtf8Weynl6R273VJ5GjkRb51IzMp5nbaPjJXMWeju2MKg=="
    },
    "kurento-client": {
      "version": "6.14.0",
      "resolved": "https://registry.npmjs.org/kurento-client/-/kurento-client-6.14.0.tgz",
      "integrity": "sha512-7gYFbH5ASQSL94kq67n8PIYTCFqlf0PCH4WVlT7oBZp8iyXjl8wU0R58zpsQ1quYSVNutXvL8yzTgN97xAkh9Q==",
      "requires": {
        "async": "^2.0.1",
        "error-tojson": "0.0.1",
        "es6-promise": "^4.0.5",
        "extend": "^3.0.0",
        "inherits": "^2.0.0",
        "kurento-client-core": "6.14.0",
        "kurento-client-elements": "6.14.0",
        "kurento-client-filters": "6.14.0",
        "kurento-jsonrpc": "6.14.0",
        "minimist": "^1.2.0",
        "promise": "7.1.1",
        "promisecallback": "0.0.4",
        "reconnect-ws": "github:KurentoForks/reconnect-ws#master"
      }
    },
    "kurento-client-core": {
      "version": "6.14.0",
      "resolved": "https://registry.npmjs.org/kurento-client-core/-/kurento-client-core-6.14.0.tgz",
      "integrity": "sha512-jXQEjqu8EsoK2Gpkv6IUsCB5BYC9WJPVmEHoC+vx4uzRx5Kzwn6h+n7+eRTczUJOfn374BONFdvuSvBG6UJ0Kw=="
    },
    "kurento-client-elements": {
      "version": "6.14.0",
      "resolved": "https://registry.npmjs.org/kurento-client-elements/-/kurento-client-elements-6.14.0.tgz",
      "integrity": "sha512-DcJ1bXTS3kr36d/r7WVF98ahMrV/rsENTr/qg9g6iCCY3RtIUrllhtPj7UABSPIMiX7FYF0m8Hq52rTAh8TWuA=="
    },
    "kurento-client-filters": {
      "version": "6.14.0",
      "resolved": "https://registry.npmjs.org/kurento-client-filters/-/kurento-client-filters-6.14.0.tgz",
      "integrity": "sha512-ch9/6dEBk+3zyf5ISax8Ep530Q3bKWwTZ+QMLM6ZGbTJLDTWYZHzFLCBBPvy53iUPO0aKFdZ0CHDfOkrQgyG8g=="
    },
    "kurento-jsonrpc": {
      "version": "6.14.0",
      "resolved": "https://registry.npmjs.org/kurento-jsonrpc/-/kurento-jsonrpc-6.14.0.tgz",
      "integrity": "sha512-gM7uu5KU57nPFkZbvwFY5tVP7X2sFkVflnBgipdk6zsxrKHvW6ZUfQIdESnxWylFFRj66wdes9mI3ro+DbpWZw==",
      "requires": {
        "bufferutil": "^4.0.1",
        "inherits": "^2.0.1",
        "ws": "^7.1.0"
      }
    },
    "lodash": {
      "version": "4.17.20",
      "resolved": "https://registry.npmjs.org/lodash/-/lodash-4.17.20.tgz",
      "integrity": "sha512-PlhdFcillOINfeV7Ni6oF1TAEayyZBoZ8bcshTHqOYJYlrqzRK5hagpagky5o4HfCzzd1TRkXPMFq6cKk9rGmA=="
    },
    "minimist": {
      "version": "1.2.5",
      "resolved": "https://registry.npmjs.org/minimist/-/minimist-1.2.5.tgz",
      "integrity": "sha512-FM9nNUYrRBAELZQT3xeZQ7fmMOBg6nWNmJKTcgsJeaLstP/UODVpGsr5OhXhhXg6f+qtJ8uiZ+PUxkDWcgIXLw=="
    },
    "nan": {
      "version": "1.0.0",
      "resolved": "https://registry.npmjs.org/nan/-/nan-1.0.0.tgz",
      "integrity": "sha1-riT4hQgY1mL8q1rPfzuVv6oszzg="
    },
    "node-gyp-build": {
      "version": "3.7.0",
      "resolved": "https://registry.npmjs.org/node-gyp-build/-/node-gyp-build-3.7.0.tgz",
      "integrity": "sha512-L/Eg02Epx6Si2NXmedx+Okg+4UHqmaf3TNcxd50SF9NQGcJaON3AtU++kax69XV7YWz4tUspqZSAsVofhFKG2w=="
    },
    "options": {
      "version": "0.0.6",
      "resolved": "https://registry.npmjs.org/options/-/options-0.0.6.tgz",
      "integrity": "sha1-7CLTEoBrtT5zF3Pnza788cZDEo8="
    },
    "promise": {
      "version": "7.1.1",
      "resolved": "https://registry.npmjs.org/promise/-/promise-7.1.1.tgz",
      "integrity": "sha1-SJZUxpJha4qlWwck+oCbt9tJxb8=",
      "requires": {
        "asap": "~2.0.3"
      }
    },
    "promisecallback": {
      "version": "0.0.4",
      "resolved": "https://registry.npmjs.org/promisecallback/-/promisecallback-0.0.4.tgz",
      "integrity": "sha1-uTTxPATkQ2IrTWbeTkLqX2zmbnQ="
    },
    "reconnect-core": {
      "version": "github:KurentoForks/reconnect-core#921d43e91578abb2fb2613f585c010c1939cf734",
      "from": "github:KurentoForks/reconnect-core",
      "requires": {
        "backoff": "~2.3.0"
      }
    },
    "reconnect-ws": {
      "version": "github:KurentoForks/reconnect-ws#f287385d75861654528c352e60221f95c9209f8a",
      "from": "github:KurentoForks/reconnect-ws#master",
      "requires": {
        "reconnect-core": "github:KurentoForks/reconnect-core",
        "websocket-stream": "~0.5.1"
      }
    },
    "through": {
      "version": "2.3.8",
      "resolved": "https://registry.npmjs.org/through/-/through-2.3.8.tgz",
      "integrity": "sha1-DdTJ/6q8NXlgsbckEV1+Doai4fU="
    },
    "tinycolor": {
      "version": "0.0.1",
      "resolved": "https://registry.npmjs.org/tinycolor/-/tinycolor-0.0.1.tgz",
      "integrity": "sha1-MgtaUtg6u1l42Bo+iH1K77FaYWQ="
    },
    "typescript": {
      "version": "4.0.3",
      "resolved": "https://registry.npmjs.org/typescript/-/typescript-4.0.3.tgz",
      "integrity": "sha512-tEu6DGxGgRJPb/mVPIZ48e69xCn2yRmCgYmDugAVwmJ6o+0u1RI18eO7E7WBTLYLaEVVOhwQmcdhQHweux/WPg=="
    },
    "websocket-stream": {
      "version": "0.5.1",
      "resolved": "https://registry.npmjs.org/websocket-stream/-/websocket-stream-0.5.1.tgz",
      "integrity": "sha1-YizR8FZvuEzgpNb4VFJvPcTXDkg=",
      "requires": {
        "isbuffer": "0.0.0",
        "through": "~2.3.4",
        "ws": "~0.4.30"
      },
      "dependencies": {
        "ws": {
          "version": "0.4.32",
          "resolved": "https://registry.npmjs.org/ws/-/ws-0.4.32.tgz",
          "integrity": "sha1-eHphVEFPPJntg8V3IVOyD+sM7DI=",
          "requires": {
            "commander": "~2.1.0",
            "nan": "~1.0.0",
            "options": ">=0.0.5",
            "tinycolor": "0.x"
          }
        }
      }
    },
    "ws": {
      "version": "7.3.1",
      "resolved": "https://registry.npmjs.org/ws/-/ws-7.3.1.tgz",
      "integrity": "sha512-D3RuNkynyHmEJIpD2qrgVkc9DQ23OrN/moAwZX4L8DfvszsJxpjQuUq3LMx6HoYji9fbIOBY18XWBsAux1ZZUA=="
    }
  }
}
